
Microsoft Visual Studio Solution File, Format Version 12.00
# Visual Studio 15
VisualStudioVersion = 15.0.28307.1972
MinimumVisualStudioVersion = 10.0.40219.1
Project("{159641D6-6404-4A2A-AE62-294DE0FE8301}") = "DataSyncForProcessServer", "DataSyncForProcessServer\DataSyncForProcessServer.dtproj", "{C1F748C7-B883-4EBB-8F90-B350A94D4E86}"
EndProject
Global
	GlobalSection(SolutionConfigurationPlatforms) = preSolution
		Development|Default = Development|Default
	EndGlobalSection
	GlobalSection(ProjectConfigurationPlatforms) = postSolution
		{C1F748C7-B883-4EBB-8F90-B350A94D4E86}.Development|Default.ActiveCfg = Development
		{C1F748C7-B883-4EBB-8F90-B350A94D4E86}.Development|Default.Build.0 = Development
	EndGlobalSection
	GlobalSection(SolutionProperties) = preSolution
		HideSolutionNode = FALSE
	EndGlobalSection
	GlobalSection(ExtensibilityGlobals) = postSolution
		SolutionGuid = {4D13317D-2B9D-4775-BD3F-4515FF544557}
	EndGlobalSection
EndGlobal
